
Microsoft Visual Studio Solution File, Format Version 12.00
# Visual Studio 15
VisualStudioVersion = 15.0.27428.1
MinimumVisualStudioVersion = 10.0.40219.1
Project("{9A19103F-16F7-4668-BE54-9A1E7A4F7556}") = "SeeSharpWebshop", "SeeSharpWebshop\SeeSharpWebshop.csproj", "{89C1940A-D622-4D64-B118-32EA21B32CB2}"
EndProject
Project("{9A19103F-16F7-4668-BE54-9A1E7A4F7556}") = "SeeSharpWebshop.Project.Core", "SeeSharpWebshop.Project.Core\SeeSharpWebshop.Project.Core.csproj", "{A1C2B711-E3D8-4A80-B65E-2886A4BF7867}"
EndProject
Project("{9A19103F-16F7-4668-BE54-9A1E7A4F7556}") = "SeeSharpWebshop.UnitTests", "SeeSharpWebshop.UnitTests\SeeSharpWebshop.UnitTests.csproj", "{B458DF4B-9F44-44BA-9940-9273085B3034}"
EndProject
Project("{9A19103F-16F7-4668-BE54-9A1E7A4F7556}") = "SeeSharpWebshop.API", "SeeSharpWebshop.API\SeeSharpWebshop.API.csproj", "{9F734A00-2B22-4F0B-A753-DEDCB3668FA1}"
EndProject
Project("{FAE04EC0-301F-11D3-BF4B-00C04F79EFBC}") = "SeeSharpWebshop.IntegrationTests", "SeeSharpWebshop.IntegrationTests\SeeSharpWebshop.IntegrationTests.csproj", "{C464551A-6DE0-4E39-ACE2-8D871318E842}"
EndProject
Global
	GlobalSection(SolutionConfigurationPlatforms) = preSolution
		Debug|Any CPU = Debug|Any CPU
		Release|Any CPU = Release|Any CPU
	EndGlobalSection
	GlobalSection(ProjectConfigurationPlatforms) = postSolution
		{89C1940A-D622-4D64-B118-32EA21B32CB2}.Debug|Any CPU.ActiveCfg = Debug|Any CPU
		{89C1940A-D622-4D64-B118-32EA21B32CB2}.Debug|Any CPU.Build.0 = Debug|Any CPU
		{89C1940A-D622-4D64-B118-32EA21B32CB2}.Release|Any CPU.ActiveCfg = Release|Any CPU
		{89C1940A-D622-4D64-B118-32EA21B32CB2}.Release|Any CPU.Build.0 = Release|Any CPU
		{A1C2B711-E3D8-4A80-B65E-2886A4BF7867}.Debug|Any CPU.ActiveCfg = Debug|Any CPU
		{A1C2B711-E3D8-4A80-B65E-2886A4BF7867}.Debug|Any CPU.Build.0 = Debug|Any CPU
		{A1C2B711-E3D8-4A80-B65E-2886A4BF7867}.Release|Any CPU.ActiveCfg = Release|Any CPU
		{A1C2B711-E3D8-4A80-B65E-2886A4BF7867}.Release|Any CPU.Build.0 = Release|Any CPU
		{B458DF4B-9F44-44BA-9940-9273085B3034}.Debug|Any CPU.ActiveCfg = Debug|Any CPU
		{B458DF4B-9F44-44BA-9940-9273085B3034}.Debug|Any CPU.Build.0 = Debug|Any CPU
		{B458DF4B-9F44-44BA-9940-9273085B3034}.Release|Any CPU.ActiveCfg = Release|Any CPU
		{B458DF4B-9F44-44BA-9940-9273085B3034}.Release|Any CPU.Build.0 = Release|Any CPU
		{9F734A00-2B22-4F0B-A753-DEDCB3668FA1}.Debug|Any CPU.ActiveCfg = Debug|Any CPU
		{9F734A00-2B22-4F0B-A753-DEDCB3668FA1}.Debug|Any CPU.Build.0 = Debug|Any CPU
		{9F734A00-2B22-4F0B-A753-DEDCB3668FA1}.Release|Any CPU.ActiveCfg = Release|Any CPU
		{9F734A00-2B22-4F0B-A753-DEDCB3668FA1}.Release|Any CPU.Build.0 = Release|Any CPU
		{C464551A-6DE0-4E39-ACE2-8D871318E842}.Debug|Any CPU.ActiveCfg = Debug|Any CPU
		{C464551A-6DE0-4E39-ACE2-8D871318E842}.Debug|Any CPU.Build.0 = Debug|Any CPU
		{C464551A-6DE0-4E39-ACE2-8D871318E842}.Release|Any CPU.ActiveCfg = Release|Any CPU
		{C464551A-6DE0-4E39-ACE2-8D871318E842}.Release|Any CPU.Build.0 = Release|Any CPU
	EndGlobalSection
	GlobalSection(SolutionProperties) = preSolution
		HideSolutionNode = FALSE
	EndGlobalSection
	GlobalSection(ExtensibilityGlobals) = postSolution
		SolutionGuid = {630765D6-D5B3-4774-86EF-5A549FE9D6A4}
	EndGlobalSection
EndGlobal
