
Microsoft Visual Studio Solution File, Format Version 12.00
# Visual Studio 15
VisualStudioVersion = 15.0.27428.1
MinimumVisualStudioVersion = 10.0.40219.1
Project("{FAE04EC0-301F-11D3-BF4B-00C04F79EFBC}") = "SeeSharpWebshop", "SeeSharpWebshop\SeeSharpWebshop.csproj", "{8DF7532D-35B7-48BB-A71A-F719DC20DD26}"
EndProject
Global
	GlobalSection(SolutionConfigurationPlatforms) = preSolution
		Debug|Any CPU = Debug|Any CPU
		Release|Any CPU = Release|Any CPU
	EndGlobalSection
	GlobalSection(ProjectConfigurationPlatforms) = postSolution
		{8DF7532D-35B7-48BB-A71A-F719DC20DD26}.Debug|Any CPU.ActiveCfg = Debug|Any CPU
		{8DF7532D-35B7-48BB-A71A-F719DC20DD26}.Debug|Any CPU.Build.0 = Debug|Any CPU
		{8DF7532D-35B7-48BB-A71A-F719DC20DD26}.Release|Any CPU.ActiveCfg = Release|Any CPU
		{8DF7532D-35B7-48BB-A71A-F719DC20DD26}.Release|Any CPU.Build.0 = Release|Any CPU
	EndGlobalSection
	GlobalSection(SolutionProperties) = preSolution
		HideSolutionNode = FALSE
	EndGlobalSection
	GlobalSection(ExtensibilityGlobals) = postSolution
		SolutionGuid = {2636764F-F814-40B0-8C1A-5DE84538BC4B}
	EndGlobalSection
EndGlobal
